{
  "name": "xtal-json-parse",
  "version": "0.0.0",
  "lockfileVersion": 2,
  "requires": true,
  "packages": {
    "": {
      "version": "0.0.0",
      "license": "ISC",
      "dependencies": {
        "xtal-element": "0.0.378"
      }
    },
    "node_modules/trans-render": {
      "version": "0.0.283",
      "resolved": "https://registry.npmjs.org/trans-render/-/trans-render-0.0.283.tgz",
      "integrity": "sha512-J7nyRMzcedXibh41298Nyo0GkuLd2lwE6+FL7VnU6WiKA9MtBbIBd8Ru/PyjIV/6go+4VEY7f1cVMeiVaux2/A=="
    },
    "node_modules/xtal-element": {
      "version": "0.0.378",
      "resolved": "https://registry.npmjs.org/xtal-element/-/xtal-element-0.0.378.tgz",
      "integrity": "sha512-DRTRVVrg3U3ffTrpPprU4UmkBditDhZu/8nbpCu7hMM6fT1pOA/P70MPnNDMzzm2ujbLbaPkn2rjsRN60Ol5mA==",
      "license": "MIT",
      "dependencies": {
        "trans-render": "0.0.283"
      }
    }
  },
  "dependencies": {
    "trans-render": {
      "version": "0.0.283",
      "resolved": "https://registry.npmjs.org/trans-render/-/trans-render-0.0.283.tgz",
      "integrity": "sha512-J7nyRMzcedXibh41298Nyo0GkuLd2lwE6+FL7VnU6WiKA9MtBbIBd8Ru/PyjIV/6go+4VEY7f1cVMeiVaux2/A=="
    },
    "xtal-element": {
      "version": "0.0.378",
      "resolved": "https://registry.npmjs.org/xtal-element/-/xtal-element-0.0.378.tgz",
      "integrity": "sha512-DRTRVVrg3U3ffTrpPprU4UmkBditDhZu/8nbpCu7hMM6fT1pOA/P70MPnNDMzzm2ujbLbaPkn2rjsRN60Ol5mA==",
      "requires": {
        "trans-render": "0.0.283"
      }
    }
  }
}
